// !$*UTF8*$!
{
	archiveVersion = 1;
	classes = {
	};
	objectVersion = 50;
	objects = {

/* Begin PBXBuildFile section */
		51B8114D240A5A4B00A46386 /* AppDelegate.swift in Sources */ = {isa = PBXBuildFile; fileRef = 51B8114C240A5A4B00A46386 /* AppDelegate.swift */; };
		51B8114F240A5A4B00A46386 /* SceneDelegate.swift in Sources */ = {isa = PBXBuildFile; fileRef = 51B8114E240A5A4B00A46386 /* SceneDelegate.swift */; };
		51B81151240A5A4B00A46386 /* ViewController.swift in Sources */ = {isa = PBXBuildFile; fileRef = 51B81150240A5A4B00A46386 /* ViewController.swift */; };
		51B81156240A5A4F00A46386 /* Assets.xcassets in Resources */ = {isa = PBXBuildFile; fileRef = 51B81155240A5A4F00A46386 /* Assets.xcassets */; };
		51B81162240A5C6400A46386 /* AttachmentsListView.swift in Sources */ = {isa = PBXBuildFile; fileRef = 51B81161240A5C6400A46386 /* AttachmentsListView.swift */; };
		51B81164240A5C8200A46386 /* AttachmentsListView.xib in Resources */ = {isa = PBXBuildFile; fileRef = 51B81163240A5C8200A46386 /* AttachmentsListView.xib */; };
		51B81167240A5CF500A46386 /* ModalViewController.swift in Sources */ = {isa = PBXBuildFile; fileRef = 51B81166240A5CF500A46386 /* ModalViewController.swift */; };
		51B81170240A60E200A46386 /* ThumbnailCollectionViewCell.xib in Resources */ = {isa = PBXBuildFile; fileRef = 51B8116E240A60E200A46386 /* ThumbnailCollectionViewCell.xib */; };
		51B81171240A60E200A46386 /* ThumbnailCollectionViewCell.swift in Sources */ = {isa = PBXBuildFile; fileRef = 51B8116F240A60E200A46386 /* ThumbnailCollectionViewCell.swift */; };
		51B81176240A62FE00A46386 /* AddAttachmentCollectionViewCell.swift in Sources */ = {isa = PBXBuildFile; fileRef = 51B81174240A62FE00A46386 /* AddAttachmentCollectionViewCell.swift */; };
		51B81177240A62FE00A46386 /* AddAttachmentCollectionViewCell.xib in Resources */ = {isa = PBXBuildFile; fileRef = 51B81175240A62FE00A46386 /* AddAttachmentCollectionViewCell.xib */; };
		51B8117A240A67E000A46386 /* UICollectionViewExtension.swift in Sources */ = {isa = PBXBuildFile; fileRef = 51B81179240A67E000A46386 /* UICollectionViewExtension.swift */; };
		51B8117C240A680300A46386 /* NSObjectExtension.swift in Sources */ = {isa = PBXBuildFile; fileRef = 51B8117B240A680300A46386 /* NSObjectExtension.swift */; };
		51B8117E240A69E300A46386 /* Attachment.swift in Sources */ = {isa = PBXBuildFile; fileRef = 51B8117D240A69E300A46386 /* Attachment.swift */; };
		51B81184240A6BEF00A46386 /* Main.storyboard in Resources */ = {isa = PBXBuildFile; fileRef = 51B81152240A5A4B00A46386 /* Main.storyboard */; };
		51B81188240A964C00A46386 /* Strings.swift in Sources */ = {isa = PBXBuildFile; fileRef = 51B81187240A964C00A46386 /* Strings.swift */; };
		51B8118B240A978700A46386 /* PickerViewController.swift in Sources */ = {isa = PBXBuildFile; fileRef = 51B81189240A978700A46386 /* PickerViewController.swift */; };
		51B8118C240A978700A46386 /* PickerViewController.xib in Resources */ = {isa = PBXBuildFile; fileRef = 51B8118A240A978700A46386 /* PickerViewController.xib */; };
		51B8118E240A99CD00A46386 /* UIImageExtension.swift in Sources */ = {isa = PBXBuildFile; fileRef = 51B8118D240A99CD00A46386 /* UIImageExtension.swift */; };
/* End PBXBuildFile section */

/* Begin PBXFileReference section */
		51B81149240A5A4B00A46386 /* ReusableAttachmentsView.app */ = {isa = PBXFileReference; explicitFileType = wrapper.application; includeInIndex = 0; path = ReusableAttachmentsView.app; sourceTree = BUILT_PRODUCTS_DIR; };
		51B8114C240A5A4B00A46386 /* AppDelegate.swift */ = {isa = PBXFileReference; lastKnownFileType = sourcecode.swift; name = AppDelegate.swift; path = ../AppDelegate.swift; sourceTree = "<group>"; };
		51B8114E240A5A4B00A46386 /* SceneDelegate.swift */ = {isa = PBXFileReference; lastKnownFileType = sourcecode.swift; name = SceneDelegate.swift; path = ../SceneDelegate.swift; sourceTree = "<group>"; };
		51B81150240A5A4B00A46386 /* ViewController.swift */ = {isa = PBXFileReference; lastKnownFileType = sourcecode.swift; path = ViewController.swift; sourceTree = "<group>"; };
		51B81153240A5A4B00A46386 /* Base */ = {isa = PBXFileReference; lastKnownFileType = file.storyboard; name = Base; path = Base.lproj/Main.storyboard; sourceTree = "<group>"; };
		51B81155240A5A4F00A46386 /* Assets.xcassets */ = {isa = PBXFileReference; lastKnownFileType = folder.assetcatalog; path = Assets.xcassets; sourceTree = "<group>"; };
		51B81158240A5A4F00A46386 /* Base */ = {isa = PBXFileReference; lastKnownFileType = file.storyboard; name = Base; path = Base.lproj/LaunchScreen.storyboard; sourceTree = "<group>"; };
		51B8115A240A5A4F00A46386 /* Info.plist */ = {isa = PBXFileReference; lastKnownFileType = text.plist.xml; path = Info.plist; sourceTree = "<group>"; };
		51B81161240A5C6400A46386 /* AttachmentsListView.swift */ = {isa = PBXFileReference; lastKnownFileType = sourcecode.swift; path = AttachmentsListView.swift; sourceTree = "<group>"; };
		51B81163240A5C8200A46386 /* AttachmentsListView.xib */ = {isa = PBXFileReference; lastKnownFileType = file.xib; path = AttachmentsListView.xib; sourceTree = "<group>"; };
		51B81166240A5CF500A46386 /* ModalViewController.swift */ = {isa = PBXFileReference; lastKnownFileType = sourcecode.swift; path = ModalViewController.swift; sourceTree = "<group>"; };
		51B8116E240A60E200A46386 /* ThumbnailCollectionViewCell.xib */ = {isa = PBXFileReference; fileEncoding = 4; lastKnownFileType = file.xib; name = ThumbnailCollectionViewCell.xib; path = ../ThumbnailCollectionViewCell.xib; sourceTree = "<group>"; };
		51B8116F240A60E200A46386 /* ThumbnailCollectionViewCell.swift */ = {isa = PBXFileReference; fileEncoding = 4; lastKnownFileType = sourcecode.swift; name = ThumbnailCollectionViewCell.swift; path = ../ThumbnailCollectionViewCell.swift; sourceTree = "<group>"; };
		51B81174240A62FE00A46386 /* AddAttachmentCollectionViewCell.swift */ = {isa = PBXFileReference; lastKnownFileType = sourcecode.swift; path = AddAttachmentCollectionViewCell.swift; sourceTree = "<group>"; };
		51B81175240A62FE00A46386 /* AddAttachmentCollectionViewCell.xib */ = {isa = PBXFileReference; lastKnownFileType = file.xib; path = AddAttachmentCollectionViewCell.xib; sourceTree = "<group>"; };
		51B81179240A67E000A46386 /* UICollectionViewExtension.swift */ = {isa = PBXFileReference; lastKnownFileType = sourcecode.swift; path = UICollectionViewExtension.swift; sourceTree = "<group>"; };
		51B8117B240A680300A46386 /* NSObjectExtension.swift */ = {isa = PBXFileReference; lastKnownFileType = sourcecode.swift; path = NSObjectExtension.swift; sourceTree = "<group>"; };
		51B8117D240A69E300A46386 /* Attachment.swift */ = {isa = PBXFileReference; lastKnownFileType = sourcecode.swift; path = Attachment.swift; sourceTree = "<group>"; };
		51B81187240A964C00A46386 /* Strings.swift */ = {isa = PBXFileReference; lastKnownFileType = sourcecode.swift; path = Strings.swift; sourceTree = "<group>"; };
		51B81189240A978700A46386 /* PickerViewController.swift */ = {isa = PBXFileReference; lastKnownFileType = sourcecode.swift; path = PickerViewController.swift; sourceTree = "<group>"; };
		51B8118A240A978700A46386 /* PickerViewController.xib */ = {isa = PBXFileReference; lastKnownFileType = file.xib; path = PickerViewController.xib; sourceTree = "<group>"; };
		51B8118D240A99CD00A46386 /* UIImageExtension.swift */ = {isa = PBXFileReference; lastKnownFileType = sourcecode.swift; path = UIImageExtension.swift; sourceTree = "<group>"; };
/* End PBXFileReference section */

/* Begin PBXFrameworksBuildPhase section */
		51B81146240A5A4B00A46386 /* Frameworks */ = {
			isa = PBXFrameworksBuildPhase;
			buildActionMask = 2147483647;
			files = (
			);
			runOnlyForDeploymentPostprocessing = 0;
		};
/* End PBXFrameworksBuildPhase section */

/* Begin PBXGroup section */
		51B81140240A5A4A00A46386 = {
			isa = PBXGroup;
			children = (
				51B8114B240A5A4B00A46386 /* ReusableAttachmentsView */,
				51B8114A240A5A4B00A46386 /* Products */,
			);
			sourceTree = "<group>";
		};
		51B8114A240A5A4B00A46386 /* Products */ = {
			isa = PBXGroup;
			children = (
				51B81149240A5A4B00A46386 /* ReusableAttachmentsView.app */,
			);
			name = Products;
			sourceTree = "<group>";
		};
		51B8114B240A5A4B00A46386 /* ReusableAttachmentsView */ = {
			isa = PBXGroup;
			children = (
				51B81152240A5A4B00A46386 /* Main.storyboard */,
				51B81181240A6A2400A46386 /* model */,
				51B81180240A6A1300A46386 /* controller */,
				51B81186240A963900A46386 /* helpers */,
				51B81160240A5B2800A46386 /* Supporting Files */,
				51B81157240A5A4F00A46386 /* LaunchScreen.storyboard */,
				51B8115A240A5A4F00A46386 /* Info.plist */,
			);
			path = ReusableAttachmentsView;
			sourceTree = "<group>";
		};
		51B81160240A5B2800A46386 /* Supporting Files */ = {
			isa = PBXGroup;
			children = (
				51B81155240A5A4F00A46386 /* Assets.xcassets */,
				51B8114C240A5A4B00A46386 /* AppDelegate.swift */,
				51B8114E240A5A4B00A46386 /* SceneDelegate.swift */,
			);
			path = "Supporting Files";
			sourceTree = "<group>";
		};
		51B81165240A5CA400A46386 /* attachments-carousel */ = {
			isa = PBXGroup;
			children = (
				51B8116D240A60E200A46386 /* collection-view-cells */,
				51B81161240A5C6400A46386 /* AttachmentsListView.swift */,
				51B81163240A5C8200A46386 /* AttachmentsListView.xib */,
			);
			path = "attachments-carousel";
			sourceTree = "<group>";
		};
		51B8116D240A60E200A46386 /* collection-view-cells */ = {
			isa = PBXGroup;
			children = (
				51B81173240A62E000A46386 /* add-attachment-cell */,
				51B81172240A62D600A46386 /* thumbnail-cell */,
			);
			path = "collection-view-cells";
			sourceTree = "<group>";
		};
		51B81172240A62D600A46386 /* thumbnail-cell */ = {
			isa = PBXGroup;
			children = (
				51B8116E240A60E200A46386 /* ThumbnailCollectionViewCell.xib */,
				51B8116F240A60E200A46386 /* ThumbnailCollectionViewCell.swift */,
			);
			path = "thumbnail-cell";
			sourceTree = "<group>";
		};
		51B81173240A62E000A46386 /* add-attachment-cell */ = {
			isa = PBXGroup;
			children = (
				51B81174240A62FE00A46386 /* AddAttachmentCollectionViewCell.swift */,
				51B81175240A62FE00A46386 /* AddAttachmentCollectionViewCell.xib */,
			);
			path = "add-attachment-cell";
			sourceTree = "<group>";
		};
		51B81178240A67A400A46386 /* Extensions */ = {
			isa = PBXGroup;
			children = (
				51B81179240A67E000A46386 /* UICollectionViewExtension.swift */,
				51B8117B240A680300A46386 /* NSObjectExtension.swift */,
				51B8118D240A99CD00A46386 /* UIImageExtension.swift */,
			);
			path = Extensions;
			sourceTree = "<group>";
		};
		51B81180240A6A1300A46386 /* controller */ = {
			isa = PBXGroup;
			children = (
				51B81150240A5A4B00A46386 /* ViewController.swift */,
				51B81166240A5CF500A46386 /* ModalViewController.swift */,
				51B81185240A8BB300A46386 /* picker */,
				51B81165240A5CA400A46386 /* attachments-carousel */,
			);
			path = controller;
			sourceTree = "<group>";
		};
		51B81181240A6A2400A46386 /* model */ = {
			isa = PBXGroup;
			children = (
				51B8117D240A69E300A46386 /* Attachment.swift */,
			);
			path = model;
			sourceTree = "<group>";
		};
		51B81185240A8BB300A46386 /* picker */ = {
			isa = PBXGroup;
			children = (
				51B81189240A978700A46386 /* PickerViewController.swift */,
				51B8118A240A978700A46386 /* PickerViewController.xib */,
			);
			path = picker;
			sourceTree = "<group>";
		};
		51B81186240A963900A46386 /* helpers */ = {
			isa = PBXGroup;
			children = (
				51B81178240A67A400A46386 /* Extensions */,
				51B81187240A964C00A46386 /* Strings.swift */,
			);
			path = helpers;
			sourceTree = "<group>";
		};
/* End PBXGroup section */

/* Begin PBXNativeTarget section */
		51B81148240A5A4B00A46386 /* ReusableAttachmentsView */ = {
			isa = PBXNativeTarget;
			buildConfigurationList = 51B8115D240A5A4F00A46386 /* Build configuration list for PBXNativeTarget "ReusableAttachmentsView" */;
			buildPhases = (
				51B81145240A5A4B00A46386 /* Sources */,
				51B81146240A5A4B00A46386 /* Frameworks */,
				51B81147240A5A4B00A46386 /* Resources */,
			);
			buildRules = (
			);
			dependencies = (
			);
			name = ReusableAttachmentsView;
			productName = ReusableAttachmentsView;
			productReference = 51B81149240A5A4B00A46386 /* ReusableAttachmentsView.app */;
			productType = "com.apple.product-type.application";
		};
/* End PBXNativeTarget section */

/* Begin PBXProject section */
		51B81141240A5A4A00A46386 /* Project object */ = {
			isa = PBXProject;
			attributes = {
				LastSwiftUpdateCheck = 1130;
				LastUpgradeCheck = 1130;
				ORGANIZATIONNAME = Xgrid;
				TargetAttributes = {
					51B81148240A5A4B00A46386 = {
						CreatedOnToolsVersion = 11.3.1;
					};
				};
			};
			buildConfigurationList = 51B81144240A5A4B00A46386 /* Build configuration list for PBXProject "ReusableAttachmentsView" */;
			compatibilityVersion = "Xcode 9.3";
			developmentRegion = en;
			hasScannedForEncodings = 0;
			knownRegions = (
				en,
				Base,
			);
			mainGroup = 51B81140240A5A4A00A46386;
			productRefGroup = 51B8114A240A5A4B00A46386 /* Products */;
			projectDirPath = "";
			projectRoot = "";
			targets = (
				51B81148240A5A4B00A46386 /* ReusableAttachmentsView */,
			);
		};
/* End PBXProject section */

/* Begin PBXResourcesBuildPhase section */
		51B81147240A5A4B00A46386 /* Resources */ = {
			isa = PBXResourcesBuildPhase;
			buildActionMask = 2147483647;
			files = (
				51B81184240A6BEF00A46386 /* Main.storyboard in Resources */,
				51B81156240A5A4F00A46386 /* Assets.xcassets in Resources */,
				51B81170240A60E200A46386 /* ThumbnailCollectionViewCell.xib in Resources */,
				51B81177240A62FE00A46386 /* AddAttachmentCollectionViewCell.xib in Resources */,
				51B8118C240A978700A46386 /* PickerViewController.xib in Resources */,
				51B81164240A5C8200A46386 /* AttachmentsListView.xib in Resources */,
			);
			runOnlyForDeploymentPostprocessing = 0;
		};
/* End PBXResourcesBuildPhase section */

/* Begin PBXSourcesBuildPhase section */
		51B81145240A5A4B00A46386 /* Sources */ = {
			isa = PBXSourcesBuildPhase;
			buildActionMask = 2147483647;
			files = (
				51B81151240A5A4B00A46386 /* ViewController.swift in Sources */,
				51B81188240A964C00A46386 /* Strings.swift in Sources */,
				51B81167240A5CF500A46386 /* ModalViewController.swift in Sources */,
				51B8114D240A5A4B00A46386 /* AppDelegate.swift in Sources */,
				51B8114F240A5A4B00A46386 /* SceneDelegate.swift in Sources */,
				51B8117E240A69E300A46386 /* Attachment.swift in Sources */,
				51B8118B240A978700A46386 /* PickerViewController.swift in Sources */,
				51B8117A240A67E000A46386 /* UICollectionViewExtension.swift in Sources */,
				51B81162240A5C6400A46386 /* AttachmentsListView.swift in Sources */,
				51B8118E240A99CD00A46386 /* UIImageExtension.swift in Sources */,
				51B81176240A62FE00A46386 /* AddAttachmentCollectionViewCell.swift in Sources */,
				51B8117C240A680300A46386 /* NSObjectExtension.swift in Sources */,
				51B81171240A60E200A46386 /* ThumbnailCollectionViewCell.swift in Sources */,
			);
			runOnlyForDeploymentPostprocessing = 0;
		};
/* End PBXSourcesBuildPhase section */

/* Begin PBXVariantGroup section */
		51B81152240A5A4B00A46386 /* Main.storyboard */ = {
			isa = PBXVariantGroup;
			children = (
				51B81153240A5A4B00A46386 /* Base */,
			);
			name = Main.storyboard;
			sourceTree = "<group>";
		};
		51B81157240A5A4F00A46386 /* LaunchScreen.storyboard */ = {
			isa = PBXVariantGroup;
			children = (
				51B81158240A5A4F00A46386 /* Base */,
			);
			name = LaunchScreen.storyboard;
			sourceTree = "<group>";
		};
/* End PBXVariantGroup section */

/* Begin XCBuildConfiguration section */
		51B8115B240A5A4F00A46386 /* Debug */ = {
			isa = XCBuildConfiguration;
			buildSettings = {
				ALWAYS_SEARCH_USER_PATHS = NO;
				CLANG_ANALYZER_NONNULL = YES;
				CLANG_ANALYZER_NUMBER_OBJECT_CONVERSION = YES_AGGRESSIVE;
				CLANG_CXX_LANGUAGE_STANDARD = "gnu++14";
				CLANG_CXX_LIBRARY = "libc++";
				CLANG_ENABLE_MODULES = YES;
				CLANG_ENABLE_OBJC_ARC = YES;
				CLANG_ENABLE_OBJC_WEAK = YES;
				CLANG_WARN_BLOCK_CAPTURE_AUTORELEASING = YES;
				CLANG_WARN_BOOL_CONVERSION = YES;
				CLANG_WARN_COMMA = YES;
				CLANG_WARN_CONSTANT_CONVERSION = YES;
				CLANG_WARN_DEPRECATED_OBJC_IMPLEMENTATIONS = YES;
				CLANG_WARN_DIRECT_OBJC_ISA_USAGE = YES_ERROR;
				CLANG_WARN_DOCUMENTATION_COMMENTS = YES;
				CLANG_WARN_EMPTY_BODY = YES;
				CLANG_WARN_ENUM_CONVERSION = YES;
				CLANG_WARN_INFINITE_RECURSION = YES;
				CLANG_WARN_INT_CONVERSION = YES;
				CLANG_WARN_NON_LITERAL_NULL_CONVERSION = YES;
				CLANG_WARN_OBJC_IMPLICIT_RETAIN_SELF = YES;
				CLANG_WARN_OBJC_LITERAL_CONVERSION = YES;
				CLANG_WARN_OBJC_ROOT_CLASS = YES_ERROR;
				CLANG_WARN_RANGE_LOOP_ANALYSIS = YES;
				CLANG_WARN_STRICT_PROTOTYPES = YES;
				CLANG_WARN_SUSPICIOUS_MOVE = YES;
				CLANG_WARN_UNGUARDED_AVAILABILITY = YES_AGGRESSIVE;
				CLANG_WARN_UNREACHABLE_CODE = YES;
				CLANG_WARN__DUPLICATE_METHOD_MATCH = YES;
				COPY_PHASE_STRIP = NO;
				DEBUG_INFORMATION_FORMAT = dwarf;
				ENABLE_STRICT_OBJC_MSGSEND = YES;
				ENABLE_TESTABILITY = YES;
				GCC_C_LANGUAGE_STANDARD = gnu11;
				GCC_DYNAMIC_NO_PIC = NO;
				GCC_NO_COMMON_BLOCKS = YES;
				GCC_OPTIMIZATION_LEVEL = 0;
				GCC_PREPROCESSOR_DEFINITIONS = (
					"DEBUG=1",
					"$(inherited)",
				);
				GCC_WARN_64_TO_32_BIT_CONVERSION = YES;
				GCC_WARN_ABOUT_RETURN_TYPE = YES_ERROR;
				GCC_WARN_UNDECLARED_SELECTOR = YES;
				GCC_WARN_UNINITIALIZED_AUTOS = YES_AGGRESSIVE;
				GCC_WARN_UNUSED_FUNCTION = YES;
				GCC_WARN_UNUSED_VARIABLE = YES;
				IPHONEOS_DEPLOYMENT_TARGET = 13.2;
				MTL_ENABLE_DEBUG_INFO = INCLUDE_SOURCE;
				MTL_FAST_MATH = YES;
				ONLY_ACTIVE_ARCH = YES;
				SDKROOT = iphoneos;
				SWIFT_ACTIVE_COMPILATION_CONDITIONS = DEBUG;
				SWIFT_OPTIMIZATION_LEVEL = "-Onone";
			};
			name = Debug;
		};
		51B8115C240A5A4F00A46386 /* Release */ = {
			isa = XCBuildConfiguration;
			buildSettings = {
				ALWAYS_SEARCH_USER_PATHS = NO;
				CLANG_ANALYZER_NONNULL = YES;
				CLANG_ANALYZER_NUMBER_OBJECT_CONVERSION = YES_AGGRESSIVE;
				CLANG_CXX_LANGUAGE_STANDARD = "gnu++14";
				CLANG_CXX_LIBRARY = "libc++";
				CLANG_ENABLE_MODULES = YES;
				CLANG_ENABLE_OBJC_ARC = YES;
				CLANG_ENABLE_OBJC_WEAK = YES;
				CLANG_WARN_BLOCK_CAPTURE_AUTORELEASING = YES;
				CLANG_WARN_BOOL_CONVERSION = YES;
				CLANG_WARN_COMMA = YES;
				CLANG_WARN_CONSTANT_CONVERSION = YES;
				CLANG_WARN_DEPRECATED_OBJC_IMPLEMENTATIONS = YES;
				CLANG_WARN_DIRECT_OBJC_ISA_USAGE = YES_ERROR;
				CLANG_WARN_DOCUMENTATION_COMMENTS = YES;
				CLANG_WARN_EMPTY_BODY = YES;
				CLANG_WARN_ENUM_CONVERSION = YES;
				CLANG_WARN_INFINITE_RECURSION = YES;
				CLANG_WARN_INT_CONVERSION = YES;
				CLANG_WARN_NON_LITERAL_NULL_CONVERSION = YES;
				CLANG_WARN_OBJC_IMPLICIT_RETAIN_SELF = YES;
				CLANG_WARN_OBJC_LITERAL_CONVERSION = YES;
				CLANG_WARN_OBJC_ROOT_CLASS = YES_ERROR;
				CLANG_WARN_RANGE_LOOP_ANALYSIS = YES;
				CLANG_WARN_STRICT_PROTOTYPES = YES;
				CLANG_WARN_SUSPICIOUS_MOVE = YES;
				CLANG_WARN_UNGUARDED_AVAILABILITY = YES_AGGRESSIVE;
				CLANG_WARN_UNREACHABLE_CODE = YES;
				CLANG_WARN__DUPLICATE_METHOD_MATCH = YES;
				COPY_PHASE_STRIP = NO;
				DEBUG_INFORMATION_FORMAT = "dwarf-with-dsym";
				ENABLE_NS_ASSERTIONS = NO;
				ENABLE_STRICT_OBJC_MSGSEND = YES;
				GCC_C_LANGUAGE_STANDARD = gnu11;
				GCC_NO_COMMON_BLOCKS = YES;
				GCC_WARN_64_TO_32_BIT_CONVERSION = YES;
				GCC_WARN_ABOUT_RETURN_TYPE = YES_ERROR;
				GCC_WARN_UNDECLARED_SELECTOR = YES;
				GCC_WARN_UNINITIALIZED_AUTOS = YES_AGGRESSIVE;
				GCC_WARN_UNUSED_FUNCTION = YES;
				GCC_WARN_UNUSED_VARIABLE = YES;
				IPHONEOS_DEPLOYMENT_TARGET = 13.2;
				MTL_ENABLE_DEBUG_INFO = NO;
				MTL_FAST_MATH = YES;
				SDKROOT = iphoneos;
				SWIFT_COMPILATION_MODE = wholemodule;
				SWIFT_OPTIMIZATION_LEVEL = "-O";
				VALIDATE_PRODUCT = YES;
			};
			name = Release;
		};
		51B8115E240A5A4F00A46386 /* Debug */ = {
			isa = XCBuildConfiguration;
			buildSettings = {
				ASSETCATALOG_COMPILER_APPICON_NAME = AppIcon;
				CODE_SIGN_STYLE = Automatic;
				DEVELOPMENT_TEAM = 3C5P2TNXB7;
				INFOPLIST_FILE = ReusableAttachmentsView/Info.plist;
				LD_RUNPATH_SEARCH_PATHS = (
					"$(inherited)",
					"@executable_path/Frameworks",
				);
				PRODUCT_BUNDLE_IDENTIFIER = Xgrid.ReusableAttachmentsView;
				PRODUCT_NAME = "$(TARGET_NAME)";
				SWIFT_VERSION = 5.0;
				TARGETED_DEVICE_FAMILY = "1,2";
			};
			name = Debug;
		};
		51B8115F240A5A4F00A46386 /* Release */ = {
			isa = XCBuildConfiguration;
			buildSettings = {
				ASSETCATALOG_COMPILER_APPICON_NAME = AppIcon;
				CODE_SIGN_STYLE = Automatic;
				DEVELOPMENT_TEAM = 3C5P2TNXB7;
				INFOPLIST_FILE = ReusableAttachmentsView/Info.plist;
				LD_RUNPATH_SEARCH_PATHS = (
					"$(inherited)",
					"@executable_path/Frameworks",
				);
				PRODUCT_BUNDLE_IDENTIFIER = Xgrid.ReusableAttachmentsView;
				PRODUCT_NAME = "$(TARGET_NAME)";
				SWIFT_VERSION = 5.0;
				TARGETED_DEVICE_FAMILY = "1,2";
			};
			name = Release;
		};
/* End XCBuildConfiguration section */

/* Begin XCConfigurationList section */
		51B81144240A5A4B00A46386 /* Build configuration list for PBXProject "ReusableAttachmentsView" */ = {
			isa = XCConfigurationList;
			buildConfigurations = (
				51B8115B240A5A4F00A46386 /* Debug */,
				51B8115C240A5A4F00A46386 /* Release */,
			);
			defaultConfigurationIsVisible = 0;
			defaultConfigurationName = Release;
		};
		51B8115D240A5A4F00A46386 /* Build configuration list for PBXNativeTarget "ReusableAttachmentsView" */ = {
			isa = XCConfigurationList;
			buildConfigurations = (
				51B8115E240A5A4F00A46386 /* Debug */,
				51B8115F240A5A4F00A46386 /* Release */,
			);
			defaultConfigurationIsVisible = 0;
			defaultConfigurationName = Release;
		};
/* End XCConfigurationList section */
	};
	rootObject = 51B81141240A5A4A00A46386 /* Project object */;
}
